PODS:
  - Pageboy (1.4.1)
  - PureLayout (3.0.2)
  - Tabman (0.8.3):
    - Pageboy (~> 1.4.0)
    - PureLayout (~> 3.0.0)

DEPENDENCIES:
  - Tabman (~> 0.8)

SPEC CHECKSUMS:
  Pageboy: c98cd4580c26b2f64c3b4232e616a42989819400
  PureLayout: 4d550abe49a94f24c2808b9b95db9131685fe4cd
  Tabman: 06bbe8fdb40ce79a54635ce217490d7ab687a89c

PODFILE CHECKSUM: eff7eb37004efd66f25b28c935a67e1fbc8a0fab

COCOAPODS: 1.3.1
