// !$*UTF8*$!
{
	archiveVersion = 1;
	classes = {
	};
	objectVersion = 46;
	objects = {

/* Begin PBXBuildFile section */
		2B2255261FB4386600F9BCB7 /* ChildViewController.swift in Sources */ = {isa = PBXBuildFile; fileRef = 2B2255251FB4386600F9BCB7 /* ChildViewController.swift */; };
		2B3AAEAE1FB43616009977F4 /* AppDelegate.swift in Sources */ = {isa = PBXBuildFile; fileRef = 2B3AAEAD1FB43616009977F4 /* AppDelegate.swift */; };
		2B3AAEB01FB43616009977F4 /* ViewController.swift in Sources */ = {isa = PBXBuildFile; fileRef = 2B3AAEAF1FB43616009977F4 /* ViewController.swift */; };
		2B3AAEB31FB43616009977F4 /* Main.storyboard in Resources */ = {isa = PBXBuildFile; fileRef = 2B3AAEB11FB43616009977F4 /* Main.storyboard */; };
		2B3AAEB51FB43616009977F4 /* Assets.xcassets in Resources */ = {isa = PBXBuildFile; fileRef = 2B3AAEB41FB43616009977F4 /* Assets.xcassets */; };
		2B3AAEB81FB43616009977F4 /* LaunchScreen.storyboard in Resources */ = {isa = PBXBuildFile; fileRef = 2B3AAEB61FB43616009977F4 /* LaunchScreen.storyboard */; };
		2B76A24E1FB4491C00D9861F /* GrandChildViewController.swift in Sources */ = {isa = PBXBuildFile; fileRef = 2B76A24D1FB4491C00D9861F /* GrandChildViewController.swift */; };
		798E848EAF14405498E67CBF /* Pods_TabmanSample.framework in Frameworks */ = {isa = PBXBuildFile; fileRef = 2FA3237E89296F0608E9186A /* Pods_TabmanSample.framework */; };
/* End PBXBuildFile section */

/* Begin PBXFileReference section */
		0B8D7EAD484FA624838C7700 /* Pods-TabmanSample.debug.xcconfig */ = {isa = PBXFileReference; includeInIndex = 1; lastKnownFileType = text.xcconfig; name = "Pods-TabmanSample.debug.xcconfig"; path = "Pods/Target Support Files/Pods-TabmanSample/Pods-TabmanSample.debug.xcconfig"; sourceTree = "<group>"; };
		2B2255251FB4386600F9BCB7 /* ChildViewController.swift */ = {isa = PBXFileReference; fileEncoding = 4; lastKnownFileType = sourcecode.swift; path = ChildViewController.swift; sourceTree = "<group>"; };
		2B3AAEAA1FB43616009977F4 /* TabmanSample.app */ = {isa = PBXFileReference; explicitFileType = wrapper.application; includeInIndex = 0; path = TabmanSample.app; sourceTree = BUILT_PRODUCTS_DIR; };
		2B3AAEAD1FB43616009977F4 /* AppDelegate.swift */ = {isa = PBXFileReference; lastKnownFileType = sourcecode.swift; path = AppDelegate.swift; sourceTree = "<group>"; };
		2B3AAEAF1FB43616009977F4 /* ViewController.swift */ = {isa = PBXFileReference; lastKnownFileType = sourcecode.swift; path = ViewController.swift; sourceTree = "<group>"; };
		2B3AAEB21FB43616009977F4 /* Base */ = {isa = PBXFileReference; lastKnownFileType = file.storyboard; name = Base; path = Base.lproj/Main.storyboard; sourceTree = "<group>"; };
		2B3AAEB41FB43616009977F4 /* Assets.xcassets */ = {isa = PBXFileReference; lastKnownFileType = folder.assetcatalog; path = Assets.xcassets; sourceTree = "<group>"; };
		2B3AAEB71FB43616009977F4 /* Base */ = {isa = PBXFileReference; lastKnownFileType = file.storyboard; name = Base; path = Base.lproj/LaunchScreen.storyboard; sourceTree = "<group>"; };
		2B3AAEB91FB43616009977F4 /* Info.plist */ = {isa = PBXFileReference; lastKnownFileType = text.plist.xml; path = Info.plist; sourceTree = "<group>"; };
		2B76A24D1FB4491C00D9861F /* GrandChildViewController.swift */ = {isa = PBXFileReference; fileEncoding = 4; lastKnownFileType = sourcecode.swift; path = GrandChildViewController.swift; sourceTree = "<group>"; };
		2FA3237E89296F0608E9186A /* Pods_TabmanSample.framework */ = {isa = PBXFileReference; explicitFileType = wrapper.framework; includeInIndex = 0; path = Pods_TabmanSample.framework; sourceTree = BUILT_PRODUCTS_DIR; };
		4A7235C6828E728F8697B81D /* Pods-TabmanSample.release.xcconfig */ = {isa = PBXFileReference; includeInIndex = 1; lastKnownFileType = text.xcconfig; name = "Pods-TabmanSample.release.xcconfig"; path = "Pods/Target Support Files/Pods-TabmanSample/Pods-TabmanSample.release.xcconfig"; sourceTree = "<group>"; };
/* End PBXFileReference section */

/* Begin PBXFrameworksBuildPhase section */
		2B3AAEA71FB43616009977F4 /* Frameworks */ = {
			isa = PBXFrameworksBuildPhase;
			buildActionMask = 2147483647;
			files = (
				798E848EAF14405498E67CBF /* Pods_TabmanSample.framework in Frameworks */,
			);
			runOnlyForDeploymentPostprocessing = 0;
		};
/* End PBXFrameworksBuildPhase section */

/* Begin PBXGroup section */
		2B3AAEA11FB43616009977F4 = {
			isa = PBXGroup;
			children = (
				2B3AAEAC1FB43616009977F4 /* TabmanSample */,
				2B3AAEAB1FB43616009977F4 /* Products */,
				3190EA12ABF5F3352BF552AB /* Pods */,
				8745CF1F5CB11C6B682B3CC4 /* Frameworks */,
			);
			sourceTree = "<group>";
		};
		2B3AAEAB1FB43616009977F4 /* Products */ = {
			isa = PBXGroup;
			children = (
				2B3AAEAA1FB43616009977F4 /* TabmanSample.app */,
			);
			name = Products;
			sourceTree = "<group>";
		};
		2B3AAEAC1FB43616009977F4 /* TabmanSample */ = {
			isa = PBXGroup;
			children = (
				2B3AAEAD1FB43616009977F4 /* AppDelegate.swift */,
				2B3AAEAF1FB43616009977F4 /* ViewController.swift */,
				2B3AAEB11FB43616009977F4 /* Main.storyboard */,
				2B3AAEB41FB43616009977F4 /* Assets.xcassets */,
				2B3AAEB61FB43616009977F4 /* LaunchScreen.storyboard */,
				2B3AAEB91FB43616009977F4 /* Info.plist */,
				2B2255251FB4386600F9BCB7 /* ChildViewController.swift */,
				2B76A24D1FB4491C00D9861F /* GrandChildViewController.swift */,
			);
			path = TabmanSample;
			sourceTree = "<group>";
		};
		3190EA12ABF5F3352BF552AB /* Pods */ = {
			isa = PBXGroup;
			children = (
				0B8D7EAD484FA624838C7700 /* Pods-TabmanSample.debug.xcconfig */,
				4A7235C6828E728F8697B81D /* Pods-TabmanSample.release.xcconfig */,
			);
			name = Pods;
			sourceTree = "<group>";
		};
		8745CF1F5CB11C6B682B3CC4 /* Frameworks */ = {
			isa = PBXGroup;
			children = (
				2FA3237E89296F0608E9186A /* Pods_TabmanSample.framework */,
			);
			name = Frameworks;
			sourceTree = "<group>";
		};
/* End PBXGroup section */

/* Begin PBXNativeTarget section */
		2B3AAEA91FB43616009977F4 /* TabmanSample */ = {
			isa = PBXNativeTarget;
			buildConfigurationList = 2B3AAEBC1FB43616009977F4 /* Build configuration list for PBXNativeTarget "TabmanSample" */;
			buildPhases = (
				353E986A76BF89AF895E76B7 /* [CP] Check Pods Manifest.lock */,
				2B3AAEA61FB43616009977F4 /* Sources */,
				2B3AAEA71FB43616009977F4 /* Frameworks */,
				2B3AAEA81FB43616009977F4 /* Resources */,
				B5EB2D07D927379C2AF765D5 /* [CP] Embed Pods Frameworks */,
				53EC7CBF40896FD7F90A2227 /* [CP] Copy Pods Resources */,
			);
			buildRules = (
			);
			dependencies = (
			);
			name = TabmanSample;
			productName = TabmanSample;
			productReference = 2B3AAEAA1FB43616009977F4 /* TabmanSample.app */;
			productType = "com.apple.product-type.application";
		};
/* End PBXNativeTarget section */

/* Begin PBXProject section */
		2B3AAEA21FB43616009977F4 /* Project object */ = {
			isa = PBXProject;
			attributes = {
				LastSwiftUpdateCheck = 0830;
				LastUpgradeCheck = 0830;
				ORGANIZATIONNAME = "shingo asato";
				TargetAttributes = {
					2B3AAEA91FB43616009977F4 = {
						CreatedOnToolsVersion = 8.3.3;
						ProvisioningStyle = Automatic;
					};
				};
			};
			buildConfigurationList = 2B3AAEA51FB43616009977F4 /* Build configuration list for PBXProject "TabmanSample" */;
			compatibilityVersion = "Xcode 3.2";
			developmentRegion = English;
			hasScannedForEncodings = 0;
			knownRegions = (
				en,
				Base,
			);
			mainGroup = 2B3AAEA11FB43616009977F4;
			productRefGroup = 2B3AAEAB1FB43616009977F4 /* Products */;
			projectDirPath = "";
			projectRoot = "";
			targets = (
				2B3AAEA91FB43616009977F4 /* TabmanSample */,
			);
		};
/* End PBXProject section */

/* Begin PBXResourcesBuildPhase section */
		2B3AAEA81FB43616009977F4 /* Resources */ = {
			isa = PBXResourcesBuildPhase;
			buildActionMask = 2147483647;
			files = (
				2B3AAEB81FB43616009977F4 /* LaunchScreen.storyboard in Resources */,
				2B3AAEB51FB43616009977F4 /* Assets.xcassets in Resources */,
				2B3AAEB31FB43616009977F4 /* Main.storyboard in Resources */,
			);
			runOnlyForDeploymentPostprocessing = 0;
		};
/* End PBXResourcesBuildPhase section */

/* Begin PBXShellScriptBuildPhase section */
		353E986A76BF89AF895E76B7 /* [CP] Check Pods Manifest.lock */ = {
			isa = PBXShellScriptBuildPhase;
			buildActionMask = 2147483647;
			files = (
			);
			inputPaths = (
				"${PODS_PODFILE_DIR_PATH}/Podfile.lock",
				"${PODS_ROOT}/Manifest.lock",
			);
			name = "[CP] Check Pods Manifest.lock";
			outputPaths = (
				"$(DERIVED_FILE_DIR)/Pods-TabmanSample-checkManifestLockResult.txt",
			);
			runOnlyForDeploymentPostprocessing = 0;
			shellPath = /bin/sh;
			shellScript = "diff \"${PODS_PODFILE_DIR_PATH}/Podfile.lock\" \"${PODS_ROOT}/Manifest.lock\" > /dev/null\nif [ $? != 0 ] ; then\n    # print error to STDERR\n    echo \"error: The sandbox is not in sync with the Podfile.lock. Run 'pod install' or update your CocoaPods installation.\" >&2\n    exit 1\nfi\n# This output is used by Xcode 'outputs' to avoid re-running this script phase.\necho \"SUCCESS\" > \"${SCRIPT_OUTPUT_FILE_0}\"\n";
			showEnvVarsInLog = 0;
		};
		53EC7CBF40896FD7F90A2227 /* [CP] Copy Pods Resources */ = {
			isa = PBXShellScriptBuildPhase;
			buildActionMask = 2147483647;
			files = (
			);
			inputPaths = (
			);
			name = "[CP] Copy Pods Resources";
			outputPaths = (
			);
			runOnlyForDeploymentPostprocessing = 0;
			shellPath = /bin/sh;
			shellScript = "\"${SRCROOT}/Pods/Target Support Files/Pods-TabmanSample/Pods-TabmanSample-resources.sh\"\n";
			showEnvVarsInLog = 0;
		};
		B5EB2D07D927379C2AF765D5 /* [CP] Embed Pods Frameworks */ = {
			isa = PBXShellScriptBuildPhase;
			buildActionMask = 2147483647;
			files = (
			);
			inputPaths = (
				"${SRCROOT}/Pods/Target Support Files/Pods-TabmanSample/Pods-TabmanSample-frameworks.sh",
				"${BUILT_PRODUCTS_DIR}/Pageboy/Pageboy.framework",
				"${BUILT_PRODUCTS_DIR}/PureLayout/PureLayout.framework",
				"${BUILT_PRODUCTS_DIR}/Tabman/Tabman.framework",
			);
			name = "[CP] Embed Pods Frameworks";
			outputPaths = (
				"${TARGET_BUILD_DIR}/${FRAMEWORKS_FOLDER_PATH}/Pageboy.framework",
				"${TARGET_BUILD_DIR}/${FRAMEWORKS_FOLDER_PATH}/PureLayout.framework",
				"${TARGET_BUILD_DIR}/${FRAMEWORKS_FOLDER_PATH}/Tabman.framework",
			);
			runOnlyForDeploymentPostprocessing = 0;
			shellPath = /bin/sh;
			shellScript = "\"${SRCROOT}/Pods/Target Support Files/Pods-TabmanSample/Pods-TabmanSample-frameworks.sh\"\n";
			showEnvVarsInLog = 0;
		};
/* End PBXShellScriptBuildPhase section */

/* Begin PBXSourcesBuildPhase section */
		2B3AAEA61FB43616009977F4 /* Sources */ = {
			isa = PBXSourcesBuildPhase;
			buildActionMask = 2147483647;
			files = (
				2B76A24E1FB4491C00D9861F /* GrandChildViewController.swift in Sources */,
				2B3AAEB01FB43616009977F4 /* ViewController.swift in Sources */,
				2B3AAEAE1FB43616009977F4 /* AppDelegate.swift in Sources */,
				2B2255261FB4386600F9BCB7 /* ChildViewController.swift in Sources */,
			);
			runOnlyForDeploymentPostprocessing = 0;
		};
/* End PBXSourcesBuildPhase section */

/* Begin PBXVariantGroup section */
		2B3AAEB11FB43616009977F4 /* Main.storyboard */ = {
			isa = PBXVariantGroup;
			children = (
				2B3AAEB21FB43616009977F4 /* Base */,
			);
			name = Main.storyboard;
			sourceTree = "<group>";
		};
		2B3AAEB61FB43616009977F4 /* LaunchScreen.storyboard */ = {
			isa = PBXVariantGroup;
			children = (
				2B3AAEB71FB43616009977F4 /* Base */,
			);
			name = LaunchScreen.storyboard;
			sourceTree = "<group>";
		};
/* End PBXVariantGroup section */

/* Begin XCBuildConfiguration section */
		2B3AAEBA1FB43616009977F4 /* Debug */ = {
			isa = XCBuildConfiguration;
			buildSettings = {
				ALWAYS_SEARCH_USER_PATHS = NO;
				CLANG_ANALYZER_NONNULL = YES;
				CLANG_ANALYZER_NUMBER_OBJECT_CONVERSION = YES_AGGRESSIVE;
				CLANG_CXX_LANGUAGE_STANDARD = "gnu++0x";
				CLANG_CXX_LIBRARY = "libc++";
				CLANG_ENABLE_MODULES = YES;
				CLANG_ENABLE_OBJC_ARC = YES;
				CLANG_WARN_BOOL_CONVERSION = YES;
				CLANG_WARN_CONSTANT_CONVERSION = YES;
				CLANG_WARN_DIRECT_OBJC_ISA_USAGE = YES_ERROR;
				CLANG_WARN_DOCUMENTATION_COMMENTS = YES;
				CLANG_WARN_EMPTY_BODY = YES;
				CLANG_WARN_ENUM_CONVERSION = YES;
				CLANG_WARN_INFINITE_RECURSION = YES;
				CLANG_WARN_INT_CONVERSION = YES;
				CLANG_WARN_OBJC_ROOT_CLASS = YES_ERROR;
				CLANG_WARN_SUSPICIOUS_MOVE = YES;
				CLANG_WARN_UNREACHABLE_CODE = YES;
				CLANG_WARN__DUPLICATE_METHOD_MATCH = YES;
				"CODE_SIGN_IDENTITY[sdk=iphoneos*]" = "iPhone Developer";
				COPY_PHASE_STRIP = NO;
				DEBUG_INFORMATION_FORMAT = dwarf;
				ENABLE_STRICT_OBJC_MSGSEND = YES;
				ENABLE_TESTABILITY = YES;
				GCC_C_LANGUAGE_STANDARD = gnu99;
				GCC_DYNAMIC_NO_PIC = NO;
				GCC_NO_COMMON_BLOCKS = YES;
				GCC_OPTIMIZATION_LEVEL = 0;
				GCC_PREPROCESSOR_DEFINITIONS = (
					"DEBUG=1",
					"$(inherited)",
				);
				GCC_WARN_64_TO_32_BIT_CONVERSION = YES;
				GCC_WARN_ABOUT_RETURN_TYPE = YES_ERROR;
				GCC_WARN_UNDECLARED_SELECTOR = YES;
				GCC_WARN_UNINITIALIZED_AUTOS = YES_AGGRESSIVE;
				GCC_WARN_UNUSED_FUNCTION = YES;
				GCC_WARN_UNUSED_VARIABLE = YES;
				IPHONEOS_DEPLOYMENT_TARGET = 10.3;
				MTL_ENABLE_DEBUG_INFO = YES;
				ONLY_ACTIVE_ARCH = YES;
				SDKROOT = iphoneos;
				SWIFT_ACTIVE_COMPILATION_CONDITIONS = DEBUG;
				SWIFT_OPTIMIZATION_LEVEL = "-Onone";
				TARGETED_DEVICE_FAMILY = "1,2";
			};
			name = Debug;
		};
		2B3AAEBB1FB43616009977F4 /* Release */ = {
			isa = XCBuildConfiguration;
			buildSettings = {
				ALWAYS_SEARCH_USER_PATHS = NO;
				CLANG_ANALYZER_NONNULL = YES;
				CLANG_ANALYZER_NUMBER_OBJECT_CONVERSION = YES_AGGRESSIVE;
				CLANG_CXX_LANGUAGE_STANDARD = "gnu++0x";
				CLANG_CXX_LIBRARY = "libc++";
				CLANG_ENABLE_MODULES = YES;
				CLANG_ENABLE_OBJC_ARC = YES;
				CLANG_WARN_BOOL_CONVERSION = YES;
				CLANG_WARN_CONSTANT_CONVERSION = YES;
				CLANG_WARN_DIRECT_OBJC_ISA_USAGE = YES_ERROR;
				CLANG_WARN_DOCUMENTATION_COMMENTS = YES;
				CLANG_WARN_EMPTY_BODY = YES;
				CLANG_WARN_ENUM_CONVERSION = YES;
				CLANG_WARN_INFINITE_RECURSION = YES;
				CLANG_WARN_INT_CONVERSION = YES;
				CLANG_WARN_OBJC_ROOT_CLASS = YES_ERROR;
				CLANG_WARN_SUSPICIOUS_MOVE = YES;
				CLANG_WARN_UNREACHABLE_CODE = YES;
				CLANG_WARN__DUPLICATE_METHOD_MATCH = YES;
				"CODE_SIGN_IDENTITY[sdk=iphoneos*]" = "iPhone Developer";
				COPY_PHASE_STRIP = NO;
				DEBUG_INFORMATION_FORMAT = "dwarf-with-dsym";
				ENABLE_NS_ASSERTIONS = NO;
				ENABLE_STRICT_OBJC_MSGSEND = YES;
				GCC_C_LANGUAGE_STANDARD = gnu99;
				GCC_NO_COMMON_BLOCKS = YES;
				GCC_WARN_64_TO_32_BIT_CONVERSION = YES;
				GCC_WARN_ABOUT_RETURN_TYPE = YES_ERROR;
				GCC_WARN_UNDECLARED_SELECTOR = YES;
				GCC_WARN_UNINITIALIZED_AUTOS = YES_AGGRESSIVE;
				GCC_WARN_UNUSED_FUNCTION = YES;
				GCC_WARN_UNUSED_VARIABLE = YES;
				IPHONEOS_DEPLOYMENT_TARGET = 10.3;
				MTL_ENABLE_DEBUG_INFO = NO;
				SDKROOT = iphoneos;
				SWIFT_OPTIMIZATION_LEVEL = "-Owholemodule";
				TARGETED_DEVICE_FAMILY = "1,2";
				VALIDATE_PRODUCT = YES;
			};
			name = Release;
		};
		2B3AAEBD1FB43616009977F4 /* Debug */ = {
			isa = XCBuildConfiguration;
			baseConfigurationReference = 0B8D7EAD484FA624838C7700 /* Pods-TabmanSample.debug.xcconfig */;
			buildSettings = {
				ASSETCATALOG_COMPILER_APPICON_NAME = AppIcon;
				INFOPLIST_FILE = TabmanSample/Info.plist;
				IPHONEOS_DEPLOYMENT_TARGET = 8.0;
				LD_RUNPATH_SEARCH_PATHS = "$(inherited) @executable_path/Frameworks";
				PRODUCT_BUNDLE_IDENTIFIER = xyz.anzfactory.TabmanSample;
				PRODUCT_NAME = "$(TARGET_NAME)";
				SWIFT_VERSION = 3.0;
			};
			name = Debug;
		};
		2B3AAEBE1FB43616009977F4 /* Release */ = {
			isa = XCBuildConfiguration;
			baseConfigurationReference = 4A7235C6828E728F8697B81D /* Pods-TabmanSample.release.xcconfig */;
			buildSettings = {
				ASSETCATALOG_COMPILER_APPICON_NAME = AppIcon;
				INFOPLIST_FILE = TabmanSample/Info.plist;
				IPHONEOS_DEPLOYMENT_TARGET = 8.0;
				LD_RUNPATH_SEARCH_PATHS = "$(inherited) @executable_path/Frameworks";
				PRODUCT_BUNDLE_IDENTIFIER = xyz.anzfactory.TabmanSample;
				PRODUCT_NAME = "$(TARGET_NAME)";
				SWIFT_VERSION = 3.0;
			};
			name = Release;
		};
/* End XCBuildConfiguration section */

/* Begin XCConfigurationList section */
		2B3AAEA51FB43616009977F4 /* Build configuration list for PBXProject "TabmanSample" */ = {
			isa = XCConfigurationList;
			buildConfigurations = (
				2B3AAEBA1FB43616009977F4 /* Debug */,
				2B3AAEBB1FB43616009977F4 /* Release */,
			);
			defaultConfigurationIsVisible = 0;
			defaultConfigurationName = Release;
		};
		2B3AAEBC1FB43616009977F4 /* Build configuration list for PBXNativeTarget "TabmanSample" */ = {
			isa = XCConfigurationList;
			buildConfigurations = (
				2B3AAEBD1FB43616009977F4 /* Debug */,
				2B3AAEBE1FB43616009977F4 /* Release */,
			);
			defaultConfigurationIsVisible = 0;
			defaultConfigurationName = Release;
		};
/* End XCConfigurationList section */
	};
	rootObject = 2B3AAEA21FB43616009977F4 /* Project object */;
}
